
Microsoft Visual Studio Solution File, Format Version 12.00
# Visual Studio Version 16
VisualStudioVersion = 16.0.30804.86
MinimumVisualStudioVersion = 10.0.40219.1
Project("{FAE04EC0-301F-11D3-BF4B-00C04F79EFBC}") = "ArtNepal", "ArtNepal\ArtNepal.csproj", "{2D13778A-3F74-4E4B-B394-42F461FACB87}"
EndProject
Global
	GlobalSection(SolutionConfigurationPlatforms) = preSolution
		Debug|Any CPU = Debug|Any CPU
		Release|Any CPU = Release|Any CPU
	EndGlobalSection
	GlobalSection(ProjectConfigurationPlatforms) = postSolution
		{2D13778A-3F74-4E4B-B394-42F461FACB87}.Debug|Any CPU.ActiveCfg = Debug|Any CPU
		{2D13778A-3F74-4E4B-B394-42F461FACB87}.Debug|Any CPU.Build.0 = Debug|Any CPU
		{2D13778A-3F74-4E4B-B394-42F461FACB87}.Release|Any CPU.ActiveCfg = Release|Any CPU
		{2D13778A-3F74-4E4B-B394-42F461FACB87}.Release|Any CPU.Build.0 = Release|Any CPU
	EndGlobalSection
	GlobalSection(SolutionProperties) = preSolution
		HideSolutionNode = FALSE
	EndGlobalSection
	GlobalSection(ExtensibilityGlobals) = postSolution
		SolutionGuid = {6B7446CC-3A1B-461F-BC53-8578CFE7DA62}
	EndGlobalSection
EndGlobal
